{
  "requires": true,
  "lockfileVersion": 1,
  "dependencies": {
    "javascript-inviewport": {
      "version": "3.1.4",
      "resolved": "https://registry.npmjs.org/javascript-inviewport/-/javascript-inviewport-3.1.4.tgz",
      "integrity": "sha512-G5wg8O5HaJo94UIZELlHiVEf2sJ4MIjnAucPgkQh+cuA2XinJSO5I5/2EyZLuUyamaXbx76/0rtxNNjPcB53SQ=="
    }
  }
}
